
Microsoft Visual Studio Solution File, Format Version 12.00
# Visual Studio Version 16
VisualStudioVersion = 16.0.30114.105
MinimumVisualStudioVersion = 10.0.40219.1
Project("{FAE04EC0-301F-11D3-BF4B-00C04F79EFBC}") = "AppAzureSQL.UWP", "AppAzureSQL\AppAzureSQL.UWP\AppAzureSQL.UWP.csproj", "{14D254BE-3EEC-4A61-8F9E-0161F1AC8ED2}"
EndProject
Project("{FAE04EC0-301F-11D3-BF4B-00C04F79EFBC}") = "AppAzureSQL.Android", "AppAzureSQL\AppAzureSQL.Android\AppAzureSQL.Android.csproj", "{F30D5EF7-8F1C-46EA-BD93-5ACB60FD71AD}"
EndProject
Project("{FAE04EC0-301F-11D3-BF4B-00C04F79EFBC}") = "AppAzureSQL", "AppAzureSQL\AppAzureSQL\AppAzureSQL.csproj", "{22AE0DC1-79DA-4F47-9C83-496042249CFB}"
EndProject
Global
	GlobalSection(SolutionConfigurationPlatforms) = preSolution
		Debug|Any CPU = Debug|Any CPU
		Debug|ARM = Debug|ARM
		Debug|x64 = Debug|x64
		Debug|x86 = Debug|x86
		Release|Any CPU = Release|Any CPU
		Release|ARM = Release|ARM
		Release|x64 = Release|x64
		Release|x86 = Release|x86
	EndGlobalSection
	GlobalSection(ProjectConfigurationPlatforms) = postSolution
		{14D254BE-3EEC-4A61-8F9E-0161F1AC8ED2}.Debug|Any CPU.ActiveCfg = Debug|x86
		{14D254BE-3EEC-4A61-8F9E-0161F1AC8ED2}.Debug|Any CPU.Build.0 = Debug|x86
		{14D254BE-3EEC-4A61-8F9E-0161F1AC8ED2}.Debug|Any CPU.Deploy.0 = Debug|x86
		{14D254BE-3EEC-4A61-8F9E-0161F1AC8ED2}.Debug|ARM.ActiveCfg = Debug|ARM
		{14D254BE-3EEC-4A61-8F9E-0161F1AC8ED2}.Debug|ARM.Build.0 = Debug|ARM
		{14D254BE-3EEC-4A61-8F9E-0161F1AC8ED2}.Debug|ARM.Deploy.0 = Debug|ARM
		{14D254BE-3EEC-4A61-8F9E-0161F1AC8ED2}.Debug|x64.ActiveCfg = Debug|x64
		{14D254BE-3EEC-4A61-8F9E-0161F1AC8ED2}.Debug|x64.Build.0 = Debug|x64
		{14D254BE-3EEC-4A61-8F9E-0161F1AC8ED2}.Debug|x64.Deploy.0 = Debug|x64
		{14D254BE-3EEC-4A61-8F9E-0161F1AC8ED2}.Debug|x86.ActiveCfg = Debug|x86
		{14D254BE-3EEC-4A61-8F9E-0161F1AC8ED2}.Debug|x86.Build.0 = Debug|x86
		{14D254BE-3EEC-4A61-8F9E-0161F1AC8ED2}.Debug|x86.Deploy.0 = Debug|x86
		{14D254BE-3EEC-4A61-8F9E-0161F1AC8ED2}.Release|Any CPU.ActiveCfg = Release|x86
		{14D254BE-3EEC-4A61-8F9E-0161F1AC8ED2}.Release|Any CPU.Build.0 = Release|x86
		{14D254BE-3EEC-4A61-8F9E-0161F1AC8ED2}.Release|Any CPU.Deploy.0 = Release|x86
		{14D254BE-3EEC-4A61-8F9E-0161F1AC8ED2}.Release|ARM.ActiveCfg = Release|ARM
		{14D254BE-3EEC-4A61-8F9E-0161F1AC8ED2}.Release|ARM.Build.0 = Release|ARM
		{14D254BE-3EEC-4A61-8F9E-0161F1AC8ED2}.Release|ARM.Deploy.0 = Release|ARM
		{14D254BE-3EEC-4A61-8F9E-0161F1AC8ED2}.Release|x64.ActiveCfg = Release|x64
		{14D254BE-3EEC-4A61-8F9E-0161F1AC8ED2}.Release|x64.Build.0 = Release|x64
		{14D254BE-3EEC-4A61-8F9E-0161F1AC8ED2}.Release|x64.Deploy.0 = Release|x64
		{14D254BE-3EEC-4A61-8F9E-0161F1AC8ED2}.Release|x86.ActiveCfg = Release|x86
		{14D254BE-3EEC-4A61-8F9E-0161F1AC8ED2}.Release|x86.Build.0 = Release|x86
		{14D254BE-3EEC-4A61-8F9E-0161F1AC8ED2}.Release|x86.Deploy.0 = Release|x86
		{F30D5EF7-8F1C-46EA-BD93-5ACB60FD71AD}.Debug|Any CPU.ActiveCfg = Debug|Any CPU
		{F30D5EF7-8F1C-46EA-BD93-5ACB60FD71AD}.Debug|Any CPU.Build.0 = Debug|Any CPU
		{F30D5EF7-8F1C-46EA-BD93-5ACB60FD71AD}.Debug|Any CPU.Deploy.0 = Debug|Any CPU
		{F30D5EF7-8F1C-46EA-BD93-5ACB60FD71AD}.Debug|ARM.ActiveCfg = Debug|Any CPU
		{F30D5EF7-8F1C-46EA-BD93-5ACB60FD71AD}.Debug|ARM.Build.0 = Debug|Any CPU
		{F30D5EF7-8F1C-46EA-BD93-5ACB60FD71AD}.Debug|ARM.Deploy.0 = Debug|Any CPU
		{F30D5EF7-8F1C-46EA-BD93-5ACB60FD71AD}.Debug|x64.ActiveCfg = Debug|Any CPU
		{F30D5EF7-8F1C-46EA-BD93-5ACB60FD71AD}.Debug|x64.Build.0 = Debug|Any CPU
		{F30D5EF7-8F1C-46EA-BD93-5ACB60FD71AD}.Debug|x64.Deploy.0 = Debug|Any CPU
		{F30D5EF7-8F1C-46EA-BD93-5ACB60FD71AD}.Debug|x86.ActiveCfg = Debug|Any CPU
		{F30D5EF7-8F1C-46EA-BD93-5ACB60FD71AD}.Debug|x86.Build.0 = Debug|Any CPU
		{F30D5EF7-8F1C-46EA-BD93-5ACB60FD71AD}.Debug|x86.Deploy.0 = Debug|Any CPU
		{F30D5EF7-8F1C-46EA-BD93-5ACB60FD71AD}.Release|Any CPU.ActiveCfg = Release|Any CPU
		{F30D5EF7-8F1C-46EA-BD93-5ACB60FD71AD}.Release|Any CPU.Build.0 = Release|Any CPU
		{F30D5EF7-8F1C-46EA-BD93-5ACB60FD71AD}.Release|Any CPU.Deploy.0 = Release|Any CPU
		{F30D5EF7-8F1C-46EA-BD93-5ACB60FD71AD}.Release|ARM.ActiveCfg = Release|Any CPU
		{F30D5EF7-8F1C-46EA-BD93-5ACB60FD71AD}.Release|ARM.Build.0 = Release|Any CPU
		{F30D5EF7-8F1C-46EA-BD93-5ACB60FD71AD}.Release|ARM.Deploy.0 = Release|Any CPU
		{F30D5EF7-8F1C-46EA-BD93-5ACB60FD71AD}.Release|x64.ActiveCfg = Release|Any CPU
		{F30D5EF7-8F1C-46EA-BD93-5ACB60FD71AD}.Release|x64.Build.0 = Release|Any CPU
		{F30D5EF7-8F1C-46EA-BD93-5ACB60FD71AD}.Release|x64.Deploy.0 = Release|Any CPU
		{F30D5EF7-8F1C-46EA-BD93-5ACB60FD71AD}.Release|x86.ActiveCfg = Release|Any CPU
		{F30D5EF7-8F1C-46EA-BD93-5ACB60FD71AD}.Release|x86.Build.0 = Release|Any CPU
		{F30D5EF7-8F1C-46EA-BD93-5ACB60FD71AD}.Release|x86.Deploy.0 = Release|Any CPU
		{22AE0DC1-79DA-4F47-9C83-496042249CFB}.Debug|Any CPU.ActiveCfg = Debug|Any CPU
		{22AE0DC1-79DA-4F47-9C83-496042249CFB}.Debug|Any CPU.Build.0 = Debug|Any CPU
		{22AE0DC1-79DA-4F47-9C83-496042249CFB}.Debug|Any CPU.Deploy.0 = Debug|Any CPU
		{22AE0DC1-79DA-4F47-9C83-496042249CFB}.Debug|ARM.ActiveCfg = Debug|Any CPU
		{22AE0DC1-79DA-4F47-9C83-496042249CFB}.Debug|ARM.Build.0 = Debug|Any CPU
		{22AE0DC1-79DA-4F47-9C83-496042249CFB}.Debug|ARM.Deploy.0 = Debug|Any CPU
		{22AE0DC1-79DA-4F47-9C83-496042249CFB}.Debug|x64.ActiveCfg = Debug|Any CPU
		{22AE0DC1-79DA-4F47-9C83-496042249CFB}.Debug|x64.Build.0 = Debug|Any CPU
		{22AE0DC1-79DA-4F47-9C83-496042249CFB}.Debug|x64.Deploy.0 = Debug|Any CPU
		{22AE0DC1-79DA-4F47-9C83-496042249CFB}.Debug|x86.ActiveCfg = Debug|Any CPU
		{22AE0DC1-79DA-4F47-9C83-496042249CFB}.Debug|x86.Build.0 = Debug|Any CPU
		{22AE0DC1-79DA-4F47-9C83-496042249CFB}.Debug|x86.Deploy.0 = Debug|Any CPU
		{22AE0DC1-79DA-4F47-9C83-496042249CFB}.Release|Any CPU.ActiveCfg = Release|Any CPU
		{22AE0DC1-79DA-4F47-9C83-496042249CFB}.Release|Any CPU.Build.0 = Release|Any CPU
		{22AE0DC1-79DA-4F47-9C83-496042249CFB}.Release|Any CPU.Deploy.0 = Release|Any CPU
		{22AE0DC1-79DA-4F47-9C83-496042249CFB}.Release|ARM.ActiveCfg = Release|Any CPU
		{22AE0DC1-79DA-4F47-9C83-496042249CFB}.Release|ARM.Build.0 = Release|Any CPU
		{22AE0DC1-79DA-4F47-9C83-496042249CFB}.Release|ARM.Deploy.0 = Release|Any CPU
		{22AE0DC1-79DA-4F47-9C83-496042249CFB}.Release|x64.ActiveCfg = Release|Any CPU
		{22AE0DC1-79DA-4F47-9C83-496042249CFB}.Release|x64.Build.0 = Release|Any CPU
		{22AE0DC1-79DA-4F47-9C83-496042249CFB}.Release|x64.Deploy.0 = Release|Any CPU
		{22AE0DC1-79DA-4F47-9C83-496042249CFB}.Release|x86.ActiveCfg = Release|Any CPU
		{22AE0DC1-79DA-4F47-9C83-496042249CFB}.Release|x86.Build.0 = Release|Any CPU
		{22AE0DC1-79DA-4F47-9C83-496042249CFB}.Release|x86.Deploy.0 = Release|Any CPU
	EndGlobalSection
	GlobalSection(SolutionProperties) = preSolution
		HideSolutionNode = FALSE
	EndGlobalSection
	GlobalSection(ExtensibilityGlobals) = postSolution
		SolutionGuid = {2F23CE16-AF3E-4669-A839-9D9ED5626CE6}
	EndGlobalSection
EndGlobal
